
Microsoft Visual Studio Solution File, Format Version 12.00
# Visual Studio Version 17
VisualStudioVersion = 17.11.35431.28
MinimumVisualStudioVersion = 10.0.40219.1
Project("{9A19103F-16F7-4668-BE54-9A1E7A4F7556}") = "Group.NET", "Group.NET\Group.NET.csproj", "{1D02C7CF-7788-48AF-AA57-6C30290951EA}"
EndProject
Project("{FAE04EC0-301F-11D3-BF4B-00C04F79EFBC}") = "Group.NET.Tests", "Group.NET.Tests\Group.NET.Tests.csproj", "{1C44A858-1CF3-4E66-82E5-D707117211F1}"
EndProject
Global
	GlobalSection(SolutionConfigurationPlatforms) = preSolution
		Debug|Any CPU = Debug|Any CPU
		Release|Any CPU = Release|Any CPU
	EndGlobalSection
	GlobalSection(ProjectConfigurationPlatforms) = postSolution
		{1D02C7CF-7788-48AF-AA57-6C30290951EA}.Debug|Any CPU.ActiveCfg = Debug|Any CPU
		{1D02C7CF-7788-48AF-AA57-6C30290951EA}.Debug|Any CPU.Build.0 = Debug|Any CPU
		{1D02C7CF-7788-48AF-AA57-6C30290951EA}.Release|Any CPU.ActiveCfg = Release|Any CPU
		{1D02C7CF-7788-48AF-AA57-6C30290951EA}.Release|Any CPU.Build.0 = Release|Any CPU
		{1C44A858-1CF3-4E66-82E5-D707117211F1}.Debug|Any CPU.ActiveCfg = Debug|Any CPU
		{1C44A858-1CF3-4E66-82E5-D707117211F1}.Debug|Any CPU.Build.0 = Debug|Any CPU
		{1C44A858-1CF3-4E66-82E5-D707117211F1}.Release|Any CPU.ActiveCfg = Release|Any CPU
		{1C44A858-1CF3-4E66-82E5-D707117211F1}.Release|Any CPU.Build.0 = Release|Any CPU
	EndGlobalSection
	GlobalSection(SolutionProperties) = preSolution
		HideSolutionNode = FALSE
	EndGlobalSection
	GlobalSection(ExtensibilityGlobals) = postSolution
		SolutionGuid = {299C26A9-C6B3-4AD1-9398-C112BFD294B3}
	EndGlobalSection
EndGlobal
